
Microsoft Visual Studio Solution File, Format Version 12.00
# Visual Studio Version 16
VisualStudioVersion = 16.0.28803.352
MinimumVisualStudioVersion = 10.0.40219.1
Project("{FAE04EC0-301F-11D3-BF4B-00C04F79EFBC}") = "aspnet-core-pages-serilog", "aspnet-core-pages-serilog\aspnet-core-pages-serilog.csproj", "{8767EA2E-F388-41A3-A089-870A51E34C2F}"
EndProject
Global
	GlobalSection(SolutionConfigurationPlatforms) = preSolution
		Debug|Any CPU = Debug|Any CPU
		Release|Any CPU = Release|Any CPU
	EndGlobalSection
	GlobalSection(ProjectConfigurationPlatforms) = postSolution
		{8767EA2E-F388-41A3-A089-870A51E34C2F}.Debug|Any CPU.ActiveCfg = Debug|Any CPU
		{8767EA2E-F388-41A3-A089-870A51E34C2F}.Debug|Any CPU.Build.0 = Debug|Any CPU
		{8767EA2E-F388-41A3-A089-870A51E34C2F}.Release|Any CPU.ActiveCfg = Release|Any CPU
		{8767EA2E-F388-41A3-A089-870A51E34C2F}.Release|Any CPU.Build.0 = Release|Any CPU
	EndGlobalSection
	GlobalSection(SolutionProperties) = preSolution
		HideSolutionNode = FALSE
	EndGlobalSection
	GlobalSection(ExtensibilityGlobals) = postSolution
		SolutionGuid = {39C95E83-71A2-49DE-8D31-16EA718A1FA3}
	EndGlobalSection
EndGlobal
