
Microsoft Visual Studio Solution File, Format Version 12.00
# Visual Studio Version 16
VisualStudioVersion = 16.0.28803.352
MinimumVisualStudioVersion = 10.0.40219.1
Project("{FAE04EC0-301F-11D3-BF4B-00C04F79EFBC}") = "aspnet-core-pages-serilog-on-startup", "aspnet-core-pages-serilog-on-startup\aspnet-core-pages-serilog-on-startup.csproj", "{60370777-E3D2-4FFC-8FF9-AF67EEDB37A7}"
EndProject
Global
	GlobalSection(SolutionConfigurationPlatforms) = preSolution
		Debug|Any CPU = Debug|Any CPU
		Release|Any CPU = Release|Any CPU
	EndGlobalSection
	GlobalSection(ProjectConfigurationPlatforms) = postSolution
		{60370777-E3D2-4FFC-8FF9-AF67EEDB37A7}.Debug|Any CPU.ActiveCfg = Debug|Any CPU
		{60370777-E3D2-4FFC-8FF9-AF67EEDB37A7}.Debug|Any CPU.Build.0 = Debug|Any CPU
		{60370777-E3D2-4FFC-8FF9-AF67EEDB37A7}.Release|Any CPU.ActiveCfg = Release|Any CPU
		{60370777-E3D2-4FFC-8FF9-AF67EEDB37A7}.Release|Any CPU.Build.0 = Release|Any CPU
	EndGlobalSection
	GlobalSection(SolutionProperties) = preSolution
		HideSolutionNode = FALSE
	EndGlobalSection
	GlobalSection(ExtensibilityGlobals) = postSolution
		SolutionGuid = {0D6E8B3A-5C50-4741-BABE-4149DF5C0760}
	EndGlobalSection
EndGlobal
