
Microsoft Visual Studio Solution File, Format Version 12.00
# Visual Studio Version 17
VisualStudioVersion = 17.4.33110.190
MinimumVisualStudioVersion = 10.0.40219.1
Project("{9A19103F-16F7-4668-BE54-9A1E7A4F7556}") = "aspnet-core-serilog-inmain", "aspnet-core-serilog-inmain\aspnet-core-serilog-inmain.csproj", "{DBD50848-4F7B-45D8-8B34-B99482B4EB49}"
EndProject
Project("{2150E333-8FDC-42A3-9474-1A3956D46DE8}") = "Solution Items", "Solution Items", "{01DC33A1-AD95-4A0F-BF50-6BD5CCD0BC54}"
	ProjectSection(SolutionItems) = preProject
		..\.gitignore = ..\.gitignore
		README.md = README.md
	EndProjectSection
EndProject
Project("{FAE04EC0-301F-11D3-BF4B-00C04F79EFBC}") = "aspnet-core-serilog-on-startup", "aspnet-core-serilog-on-startup\aspnet-core-serilog-on-startup.csproj", "{779C81F3-68A6-483D-B3A8-A2F3BF3AE6FC}"
EndProject
Project("{FAE04EC0-301F-11D3-BF4B-00C04F79EFBC}") = "aspnet-core-serilog-details", "aspnet-core-serilog-details\aspnet-core-serilog-details.csproj", "{77C9CA5E-6FCF-43C0-BF65-B87C2B164239}"
EndProject
Global
	GlobalSection(SolutionConfigurationPlatforms) = preSolution
		Debug|Any CPU = Debug|Any CPU
		Release|Any CPU = Release|Any CPU
	EndGlobalSection
	GlobalSection(ProjectConfigurationPlatforms) = postSolution
		{DBD50848-4F7B-45D8-8B34-B99482B4EB49}.Debug|Any CPU.ActiveCfg = Debug|Any CPU
		{DBD50848-4F7B-45D8-8B34-B99482B4EB49}.Debug|Any CPU.Build.0 = Debug|Any CPU
		{DBD50848-4F7B-45D8-8B34-B99482B4EB49}.Release|Any CPU.ActiveCfg = Release|Any CPU
		{DBD50848-4F7B-45D8-8B34-B99482B4EB49}.Release|Any CPU.Build.0 = Release|Any CPU
		{779C81F3-68A6-483D-B3A8-A2F3BF3AE6FC}.Debug|Any CPU.ActiveCfg = Debug|Any CPU
		{779C81F3-68A6-483D-B3A8-A2F3BF3AE6FC}.Debug|Any CPU.Build.0 = Debug|Any CPU
		{779C81F3-68A6-483D-B3A8-A2F3BF3AE6FC}.Release|Any CPU.ActiveCfg = Release|Any CPU
		{779C81F3-68A6-483D-B3A8-A2F3BF3AE6FC}.Release|Any CPU.Build.0 = Release|Any CPU
		{77C9CA5E-6FCF-43C0-BF65-B87C2B164239}.Debug|Any CPU.ActiveCfg = Debug|Any CPU
		{77C9CA5E-6FCF-43C0-BF65-B87C2B164239}.Debug|Any CPU.Build.0 = Debug|Any CPU
		{77C9CA5E-6FCF-43C0-BF65-B87C2B164239}.Release|Any CPU.ActiveCfg = Release|Any CPU
		{77C9CA5E-6FCF-43C0-BF65-B87C2B164239}.Release|Any CPU.Build.0 = Release|Any CPU
	EndGlobalSection
	GlobalSection(SolutionProperties) = preSolution
		HideSolutionNode = FALSE
	EndGlobalSection
	GlobalSection(ExtensibilityGlobals) = postSolution
		SolutionGuid = {4643F5BD-33AB-47D0-BE5F-4DBFF7FD54A3}
	EndGlobalSection
EndGlobal
